PODS:
  - BulletinBoard (5.0.0)
  - MaterialComponents/Availability (124.0.1)
  - MaterialComponents/BottomSheet (124.0.1):
    - MaterialComponents/Elevation
    - MaterialComponents/private/KeyboardWatcher
    - MaterialComponents/private/Math
    - MaterialComponents/ShadowElevations
    - MaterialComponents/ShadowLayer
    - MaterialComponents/ShapeLibrary
    - MaterialComponents/Shapes
  - MaterialComponents/Elevation (124.0.1):
    - MaterialComponents/Availability
    - MaterialComponents/private/Color
    - MaterialComponents/private/Math
  - MaterialComponents/private/Application (124.0.1)
  - MaterialComponents/private/Color (124.0.1):
    - MaterialComponents/Availability
  - MaterialComponents/private/KeyboardWatcher (124.0.1):
    - MaterialComponents/private/Application
  - MaterialComponents/private/Math (124.0.1)
  - MaterialComponents/ShadowElevations (124.0.1)
  - MaterialComponents/ShadowLayer (124.0.1):
    - MaterialComponents/ShadowElevations
  - MaterialComponents/ShapeLibrary (124.0.1):
    - MaterialComponents/private/Math
    - MaterialComponents/Shapes
  - MaterialComponents/Shapes (124.0.1):
    - MaterialComponents/private/Color
    - MaterialComponents/private/Math
    - MaterialComponents/ShadowLayer

DEPENDENCIES:
  - BulletinBoard
  - MaterialComponents/BottomSheet

SPEC REPOS:
  trunk:
    - BulletinBoard
    - MaterialComponents

SPEC CHECKSUMS:
  BulletinBoard: dba77053c2a7b64953f63073f7534165af2edd21
  MaterialComponents: c3f4e9d8e9cf9f02ab94a8b4823539fd9c7bf505

PODFILE CHECKSUM: ae7667c92738a175186c5da397e18901f9a4d8b8

COCOAPODS: 1.10.0
